
Microsoft Visual Studio Solution File, Format Version 12.00
# Visual Studio Version 17
VisualStudioVersion = 17.5.002.0
MinimumVisualStudioVersion = 10.0.40219.1
Project("{9A19103F-16F7-4668-BE54-9A1E7A4F7556}") = "dotnet-13 vazifa", "dotnet-13 vazifa.csproj", "{B2A92C9F-F3D5-4EEA-AA3A-A90136217A6A}"
EndProject
Global
	GlobalSection(SolutionConfigurationPlatforms) = preSolution
		Debug|Any CPU = Debug|Any CPU
		Release|Any CPU = Release|Any CPU
	EndGlobalSection
	GlobalSection(ProjectConfigurationPlatforms) = postSolution
		{B2A92C9F-F3D5-4EEA-AA3A-A90136217A6A}.Debug|Any CPU.ActiveCfg = Debug|Any CPU
		{B2A92C9F-F3D5-4EEA-AA3A-A90136217A6A}.Debug|Any CPU.Build.0 = Debug|Any CPU
		{B2A92C9F-F3D5-4EEA-AA3A-A90136217A6A}.Release|Any CPU.ActiveCfg = Release|Any CPU
		{B2A92C9F-F3D5-4EEA-AA3A-A90136217A6A}.Release|Any CPU.Build.0 = Release|Any CPU
	EndGlobalSection
	GlobalSection(SolutionProperties) = preSolution
		HideSolutionNode = FALSE
	EndGlobalSection
	GlobalSection(ExtensibilityGlobals) = postSolution
		SolutionGuid = {D93688BA-33E4-4A61-8CDE-1CA2D7EFBE29}
	EndGlobalSection
EndGlobal
